
Microsoft Visual Studio Solution File, Format Version 12.00
# Visual Studio Version 17
VisualStudioVersion = 17.10.34707.107
MinimumVisualStudioVersion = 10.0.40219.1
Project("{9A19103F-16F7-4668-BE54-9A1E7A4F7556}") = "HealthMed.Doctor.API", "HealthMed.Doctor.API\HealthMed.Doctor.API.csproj", "{81981E02-2D38-44B0-B648-2F7E12D2C529}"
EndProject
Project("{9A19103F-16F7-4668-BE54-9A1E7A4F7556}") = "HealthMed.Doctor.Core", "HealthMed.Doctor.Core\HealthMed.Doctor.Core.csproj", "{69A550E8-FE51-48EF-815F-3AEE7E9B4EC1}"
EndProject
Project("{9A19103F-16F7-4668-BE54-9A1E7A4F7556}") = "HealthMed.Doctor.Infrastructure", "HealthMed.Doctor.Infrastructure\HealthMed.Doctor.Infrastructure.csproj", "{FA84ED28-A8C2-4ABD-8FED-BA7420727BA0}"
EndProject
Global
	GlobalSection(SolutionConfigurationPlatforms) = preSolution
		Debug|Any CPU = Debug|Any CPU
		Release|Any CPU = Release|Any CPU
	EndGlobalSection
	GlobalSection(ProjectConfigurationPlatforms) = postSolution
		{81981E02-2D38-44B0-B648-2F7E12D2C529}.Debug|Any CPU.ActiveCfg = Debug|Any CPU
		{81981E02-2D38-44B0-B648-2F7E12D2C529}.Debug|Any CPU.Build.0 = Debug|Any CPU
		{81981E02-2D38-44B0-B648-2F7E12D2C529}.Release|Any CPU.ActiveCfg = Release|Any CPU
		{81981E02-2D38-44B0-B648-2F7E12D2C529}.Release|Any CPU.Build.0 = Release|Any CPU
		{69A550E8-FE51-48EF-815F-3AEE7E9B4EC1}.Debug|Any CPU.ActiveCfg = Debug|Any CPU
		{69A550E8-FE51-48EF-815F-3AEE7E9B4EC1}.Debug|Any CPU.Build.0 = Debug|Any CPU
		{69A550E8-FE51-48EF-815F-3AEE7E9B4EC1}.Release|Any CPU.ActiveCfg = Release|Any CPU
		{69A550E8-FE51-48EF-815F-3AEE7E9B4EC1}.Release|Any CPU.Build.0 = Release|Any CPU
		{FA84ED28-A8C2-4ABD-8FED-BA7420727BA0}.Debug|Any CPU.ActiveCfg = Debug|Any CPU
		{FA84ED28-A8C2-4ABD-8FED-BA7420727BA0}.Debug|Any CPU.Build.0 = Debug|Any CPU
		{FA84ED28-A8C2-4ABD-8FED-BA7420727BA0}.Release|Any CPU.ActiveCfg = Release|Any CPU
		{FA84ED28-A8C2-4ABD-8FED-BA7420727BA0}.Release|Any CPU.Build.0 = Release|Any CPU
	EndGlobalSection
	GlobalSection(SolutionProperties) = preSolution
		HideSolutionNode = FALSE
	EndGlobalSection
	GlobalSection(ExtensibilityGlobals) = postSolution
		SolutionGuid = {90023D2E-462B-463A-B10E-5DC00BE08CDF}
	EndGlobalSection
EndGlobal
